
Microsoft Visual Studio Solution File, Format Version 12.00
# Visual Studio Version 17
VisualStudioVersion = 17.7.34031.279
MinimumVisualStudioVersion = 10.0.40219.1
Project("{FAE04EC0-301F-11D3-BF4B-00C04F79EFBC}") = "pr6savichev", "pr6savichev.csproj", "{4648EF16-E0D9-4CC9-993C-C0E50A37F72C}"
EndProject
Global
	GlobalSection(SolutionConfigurationPlatforms) = preSolution
		Debug|Any CPU = Debug|Any CPU
		Release|Any CPU = Release|Any CPU
	EndGlobalSection
	GlobalSection(ProjectConfigurationPlatforms) = postSolution
		{4648EF16-E0D9-4CC9-993C-C0E50A37F72C}.Debug|Any CPU.ActiveCfg = Debug|Any CPU
		{4648EF16-E0D9-4CC9-993C-C0E50A37F72C}.Debug|Any CPU.Build.0 = Debug|Any CPU
		{4648EF16-E0D9-4CC9-993C-C0E50A37F72C}.Release|Any CPU.ActiveCfg = Release|Any CPU
		{4648EF16-E0D9-4CC9-993C-C0E50A37F72C}.Release|Any CPU.Build.0 = Release|Any CPU
	EndGlobalSection
	GlobalSection(SolutionProperties) = preSolution
		HideSolutionNode = FALSE
	EndGlobalSection
	GlobalSection(ExtensibilityGlobals) = postSolution
		SolutionGuid = {D65FF18D-130E-4659-B35B-0F0C257AAB25}
	EndGlobalSection
EndGlobal
